
Microsoft Visual Studio Solution File, Format Version 12.00
# Visual Studio 15
VisualStudioVersion = 15.0.28307.168
MinimumVisualStudioVersion = 10.0.40219.1
Project("{9A19103F-16F7-4668-BE54-9A1E7A4F7556}") = "MillionaireGame.Question.Domain", "MillionaireGame.Question\MillionaireGame.Question.Domain\MillionaireGame.Question.Domain.csproj", "{9B7B078D-C7B5-4162-B167-F85BA4C326E3}"
EndProject
Project("{9A19103F-16F7-4668-BE54-9A1E7A4F7556}") = "MillionaireGame.Question.Application", "MillionaireGame.Question\MillionaireGame.Question.Application\MillionaireGame.Question.Application.csproj", "{46597E99-0C17-40F3-A467-EB142AB7FC3B}"
EndProject
Project("{9A19103F-16F7-4668-BE54-9A1E7A4F7556}") = "MillionaireGame.Question.Persistence", "MillionaireGame.Question\MillionaireGame.Question.Persistence\MillionaireGame.Question.Persistence.csproj", "{9F3AB9D1-6581-4670-B82B-BF5CEDDD5D16}"
EndProject
Project("{9A19103F-16F7-4668-BE54-9A1E7A4F7556}") = "MillionaireGame.Question.Application.Test", "MillionaireGame.Question\MillionaireGame.Question.Application.Test\MillionaireGame.Question.Application.Test.csproj", "{C3C82973-AFD3-4F6D-BE74-A910A73F700A}"
EndProject
Project("{FAE04EC0-301F-11D3-BF4B-00C04F79EFBC}") = "MillionaireGame.Question.Persistence.Test", "MillionaireGame.Question\MillionaireGame.Question.Persistence.Test\MillionaireGame.Question.Persistence.Test.csproj", "{B586EA59-792B-4D57-9823-337C5074FD55}"
EndProject
Global
	GlobalSection(SolutionConfigurationPlatforms) = preSolution
		Debug|Any CPU = Debug|Any CPU
		Release|Any CPU = Release|Any CPU
	EndGlobalSection
	GlobalSection(ProjectConfigurationPlatforms) = postSolution
		{9B7B078D-C7B5-4162-B167-F85BA4C326E3}.Debug|Any CPU.ActiveCfg = Debug|Any CPU
		{9B7B078D-C7B5-4162-B167-F85BA4C326E3}.Debug|Any CPU.Build.0 = Debug|Any CPU
		{9B7B078D-C7B5-4162-B167-F85BA4C326E3}.Release|Any CPU.ActiveCfg = Release|Any CPU
		{9B7B078D-C7B5-4162-B167-F85BA4C326E3}.Release|Any CPU.Build.0 = Release|Any CPU
		{46597E99-0C17-40F3-A467-EB142AB7FC3B}.Debug|Any CPU.ActiveCfg = Debug|Any CPU
		{46597E99-0C17-40F3-A467-EB142AB7FC3B}.Debug|Any CPU.Build.0 = Debug|Any CPU
		{46597E99-0C17-40F3-A467-EB142AB7FC3B}.Release|Any CPU.ActiveCfg = Release|Any CPU
		{46597E99-0C17-40F3-A467-EB142AB7FC3B}.Release|Any CPU.Build.0 = Release|Any CPU
		{9F3AB9D1-6581-4670-B82B-BF5CEDDD5D16}.Debug|Any CPU.ActiveCfg = Debug|Any CPU
		{9F3AB9D1-6581-4670-B82B-BF5CEDDD5D16}.Debug|Any CPU.Build.0 = Debug|Any CPU
		{9F3AB9D1-6581-4670-B82B-BF5CEDDD5D16}.Release|Any CPU.ActiveCfg = Release|Any CPU
		{9F3AB9D1-6581-4670-B82B-BF5CEDDD5D16}.Release|Any CPU.Build.0 = Release|Any CPU
		{C3C82973-AFD3-4F6D-BE74-A910A73F700A}.Debug|Any CPU.ActiveCfg = Debug|Any CPU
		{C3C82973-AFD3-4F6D-BE74-A910A73F700A}.Debug|Any CPU.Build.0 = Debug|Any CPU
		{C3C82973-AFD3-4F6D-BE74-A910A73F700A}.Release|Any CPU.ActiveCfg = Release|Any CPU
		{C3C82973-AFD3-4F6D-BE74-A910A73F700A}.Release|Any CPU.Build.0 = Release|Any CPU
		{B586EA59-792B-4D57-9823-337C5074FD55}.Debug|Any CPU.ActiveCfg = Debug|Any CPU
		{B586EA59-792B-4D57-9823-337C5074FD55}.Debug|Any CPU.Build.0 = Debug|Any CPU
		{B586EA59-792B-4D57-9823-337C5074FD55}.Release|Any CPU.ActiveCfg = Release|Any CPU
		{B586EA59-792B-4D57-9823-337C5074FD55}.Release|Any CPU.Build.0 = Release|Any CPU
	EndGlobalSection
	GlobalSection(SolutionProperties) = preSolution
		HideSolutionNode = FALSE
	EndGlobalSection
	GlobalSection(ExtensibilityGlobals) = postSolution
		SolutionGuid = {733F1D1B-9AC2-45B6-9B32-C7D4E8D15288}
	EndGlobalSection
EndGlobal
